// !$*UTF8*$!
{
	archiveVersion = 1;
	classes = {
	};
	objectVersion = 50;
	objects = {

/* Begin PBXBuildFile section */
		4F88F9E920FD20CE009BC3B3 /* AppDelegate.swift in Sources */ = {isa = PBXBuildFile; fileRef = 4F88F9E820FD20CE009BC3B3 /* AppDelegate.swift */; };
		4F88F9EB20FD20CE009BC3B3 /* ViewController.swift in Sources */ = {isa = PBXBuildFile; fileRef = 4F88F9EA20FD20CE009BC3B3 /* ViewController.swift */; };
		4F88F9EE20FD20CE009BC3B3 /* Main.storyboard in Resources */ = {isa = PBXBuildFile; fileRef = 4F88F9EC20FD20CE009BC3B3 /* Main.storyboard */; };
		4F88F9F020FD20D2009BC3B3 /* Assets.xcassets in Resources */ = {isa = PBXBuildFile; fileRef = 4F88F9EF20FD20D2009BC3B3 /* Assets.xcassets */; };
		4F88F9F320FD20D2009BC3B3 /* LaunchScreen.storyboard in Resources */ = {isa = PBXBuildFile; fileRef = 4F88F9F120FD20D2009BC3B3 /* LaunchScreen.storyboard */; };
		4F88F9FE20FD20D3009BC3B3 /* rockPaperScissorsUITests.swift in Sources */ = {isa = PBXBuildFile; fileRef = 4F88F9FD20FD20D3009BC3B3 /* rockPaperScissorsUITests.swift */; };
		4F88FA0920FD20D3009BC3B3 /* rockPaperScissorsUIUITests.swift in Sources */ = {isa = PBXBuildFile; fileRef = 4F88FA0820FD20D3009BC3B3 /* rockPaperScissorsUIUITests.swift */; };
		4F88FA1720FD4AE4009BC3B3 /* StartViewController.swift in Sources */ = {isa = PBXBuildFile; fileRef = 4F88FA1620FD4AE4009BC3B3 /* StartViewController.swift */; };
/* End PBXBuildFile section */

/* Begin PBXContainerItemProxy section */
		4F88F9FA20FD20D3009BC3B3 /* PBXContainerItemProxy */ = {
			isa = PBXContainerItemProxy;
			containerPortal = 4F88F9DD20FD20CE009BC3B3 /* Project object */;
			proxyType = 1;
			remoteGlobalIDString = 4F88F9E420FD20CE009BC3B3;
			remoteInfo = rockPaperScissorsUI;
		};
		4F88FA0520FD20D3009BC3B3 /* PBXContainerItemProxy */ = {
			isa = PBXContainerItemProxy;
			containerPortal = 4F88F9DD20FD20CE009BC3B3 /* Project object */;
			proxyType = 1;
			remoteGlobalIDString = 4F88F9E420FD20CE009BC3B3;
			remoteInfo = rockPaperScissorsUI;
		};
/* End PBXContainerItemProxy section */

/* Begin PBXFileReference section */
		4F88F9E520FD20CE009BC3B3 /* rockPaperScissorsUI.app */ = {isa = PBXFileReference; explicitFileType = wrapper.application; includeInIndex = 0; path = rockPaperScissorsUI.app; sourceTree = BUILT_PRODUCTS_DIR; };
		4F88F9E820FD20CE009BC3B3 /* AppDelegate.swift */ = {isa = PBXFileReference; lastKnownFileType = sourcecode.swift; path = AppDelegate.swift; sourceTree = "<group>"; };
		4F88F9EA20FD20CE009BC3B3 /* ViewController.swift */ = {isa = PBXFileReference; lastKnownFileType = sourcecode.swift; path = ViewController.swift; sourceTree = "<group>"; };
		4F88F9ED20FD20CE009BC3B3 /* Base */ = {isa = PBXFileReference; lastKnownFileType = file.storyboard; name = Base; path = Base.lproj/Main.storyboard; sourceTree = "<group>"; };
		4F88F9EF20FD20D2009BC3B3 /* Assets.xcassets */ = {isa = PBXFileReference; lastKnownFileType = folder.assetcatalog; path = Assets.xcassets; sourceTree = "<group>"; };
		4F88F9F220FD20D2009BC3B3 /* Base */ = {isa = PBXFileReference; lastKnownFileType = file.storyboard; name = Base; path = Base.lproj/LaunchScreen.storyboard; sourceTree = "<group>"; };
		4F88F9F420FD20D2009BC3B3 /* Info.plist */ = {isa = PBXFileReference; lastKnownFileType = text.plist.xml; path = Info.plist; sourceTree = "<group>"; };
		4F88F9F920FD20D3009BC3B3 /* rockPaperScissorsUITests.xctest */ = {isa = PBXFileReference; explicitFileType = wrapper.cfbundle; includeInIndex = 0; path = rockPaperScissorsUITests.xctest; sourceTree = BUILT_PRODUCTS_DIR; };
		4F88F9FD20FD20D3009BC3B3 /* rockPaperScissorsUITests.swift */ = {isa = PBXFileReference; lastKnownFileType = sourcecode.swift; path = rockPaperScissorsUITests.swift; sourceTree = "<group>"; };
		4F88F9FF20FD20D3009BC3B3 /* Info.plist */ = {isa = PBXFileReference; lastKnownFileType = text.plist.xml; path = Info.plist; sourceTree = "<group>"; };
		4F88FA0420FD20D3009BC3B3 /* rockPaperScissorsUIUITests.xctest */ = {isa = PBXFileReference; explicitFileType = wrapper.cfbundle; includeInIndex = 0; path = rockPaperScissorsUIUITests.xctest; sourceTree = BUILT_PRODUCTS_DIR; };
		4F88FA0820FD20D3009BC3B3 /* rockPaperScissorsUIUITests.swift */ = {isa = PBXFileReference; lastKnownFileType = sourcecode.swift; path = rockPaperScissorsUIUITests.swift; sourceTree = "<group>"; };
		4F88FA0A20FD20D3009BC3B3 /* Info.plist */ = {isa = PBXFileReference; lastKnownFileType = text.plist.xml; path = Info.plist; sourceTree = "<group>"; };
		4F88FA1620FD4AE4009BC3B3 /* StartViewController.swift */ = {isa = PBXFileReference; lastKnownFileType = sourcecode.swift; path = StartViewController.swift; sourceTree = "<group>"; };
/* End PBXFileReference section */

/* Begin PBXFrameworksBuildPhase section */
		4F88F9E220FD20CE009BC3B3 /* Frameworks */ = {
			isa = PBXFrameworksBuildPhase;
			buildActionMask = 2147483647;
			files = (
			);
			runOnlyForDeploymentPostprocessing = 0;
		};
		4F88F9F620FD20D3009BC3B3 /* Frameworks */ = {
			isa = PBXFrameworksBuildPhase;
			buildActionMask = 2147483647;
			files = (
			);
			runOnlyForDeploymentPostprocessing = 0;
		};
		4F88FA0120FD20D3009BC3B3 /* Frameworks */ = {
			isa = PBXFrameworksBuildPhase;
			buildActionMask = 2147483647;
			files = (
			);
			runOnlyForDeploymentPostprocessing = 0;
		};
/* End PBXFrameworksBuildPhase section */

/* Begin PBXGroup section */
		4F88F9DC20FD20CE009BC3B3 = {
			isa = PBXGroup;
			children = (
				4F88F9E720FD20CE009BC3B3 /* rockPaperScissorsUI */,
				4F88F9FC20FD20D3009BC3B3 /* rockPaperScissorsUITests */,
				4F88FA0720FD20D3009BC3B3 /* rockPaperScissorsUIUITests */,
				4F88F9E620FD20CE009BC3B3 /* Products */,
			);
			sourceTree = "<group>";
		};
		4F88F9E620FD20CE009BC3B3 /* Products */ = {
			isa = PBXGroup;
			children = (
				4F88F9E520FD20CE009BC3B3 /* rockPaperScissorsUI.app */,
				4F88F9F920FD20D3009BC3B3 /* rockPaperScissorsUITests.xctest */,
				4F88FA0420FD20D3009BC3B3 /* rockPaperScissorsUIUITests.xctest */,
			);
			name = Products;
			sourceTree = "<group>";
		};
		4F88F9E720FD20CE009BC3B3 /* rockPaperScissorsUI */ = {
			isa = PBXGroup;
			children = (
				4F88F9E820FD20CE009BC3B3 /* AppDelegate.swift */,
				4F88F9EA20FD20CE009BC3B3 /* ViewController.swift */,
				4F88F9EC20FD20CE009BC3B3 /* Main.storyboard */,
				4F88FA1620FD4AE4009BC3B3 /* StartViewController.swift */,
				4F88F9EF20FD20D2009BC3B3 /* Assets.xcassets */,
				4F88F9F120FD20D2009BC3B3 /* LaunchScreen.storyboard */,
				4F88F9F420FD20D2009BC3B3 /* Info.plist */,
			);
			path = rockPaperScissorsUI;
			sourceTree = "<group>";
		};
		4F88F9FC20FD20D3009BC3B3 /* rockPaperScissorsUITests */ = {
			isa = PBXGroup;
			children = (
				4F88F9FD20FD20D3009BC3B3 /* rockPaperScissorsUITests.swift */,
				4F88F9FF20FD20D3009BC3B3 /* Info.plist */,
			);
			path = rockPaperScissorsUITests;
			sourceTree = "<group>";
		};
		4F88FA0720FD20D3009BC3B3 /* rockPaperScissorsUIUITests */ = {
			isa = PBXGroup;
			children = (
				4F88FA0820FD20D3009BC3B3 /* rockPaperScissorsUIUITests.swift */,
				4F88FA0A20FD20D3009BC3B3 /* Info.plist */,
			);
			path = rockPaperScissorsUIUITests;
			sourceTree = "<group>";
		};
/* End PBXGroup section */

/* Begin PBXNativeTarget section */
		4F88F9E420FD20CE009BC3B3 /* rockPaperScissorsUI */ = {
			isa = PBXNativeTarget;
			buildConfigurationList = 4F88FA0D20FD20D3009BC3B3 /* Build configuration list for PBXNativeTarget "rockPaperScissorsUI" */;
			buildPhases = (
				4F88F9E120FD20CE009BC3B3 /* Sources */,
				4F88F9E220FD20CE009BC3B3 /* Frameworks */,
				4F88F9E320FD20CE009BC3B3 /* Resources */,
			);
			buildRules = (
			);
			dependencies = (
			);
			name = rockPaperScissorsUI;
			productName = rockPaperScissorsUI;
			productReference = 4F88F9E520FD20CE009BC3B3 /* rockPaperScissorsUI.app */;
			productType = "com.apple.product-type.application";
		};
		4F88F9F820FD20D3009BC3B3 /* rockPaperScissorsUITests */ = {
			isa = PBXNativeTarget;
			buildConfigurationList = 4F88FA1020FD20D3009BC3B3 /* Build configuration list for PBXNativeTarget "rockPaperScissorsUITests" */;
			buildPhases = (
				4F88F9F520FD20D3009BC3B3 /* Sources */,
				4F88F9F620FD20D3009BC3B3 /* Frameworks */,
				4F88F9F720FD20D3009BC3B3 /* Resources */,
			);
			buildRules = (
			);
			dependencies = (
				4F88F9FB20FD20D3009BC3B3 /* PBXTargetDependency */,
			);
			name = rockPaperScissorsUITests;
			productName = rockPaperScissorsUITests;
			productReference = 4F88F9F920FD20D3009BC3B3 /* rockPaperScissorsUITests.xctest */;
			productType = "com.apple.product-type.bundle.unit-test";
		};
		4F88FA0320FD20D3009BC3B3 /* rockPaperScissorsUIUITests */ = {
			isa = PBXNativeTarget;
			buildConfigurationList = 4F88FA1320FD20D3009BC3B3 /* Build configuration list for PBXNativeTarget "rockPaperScissorsUIUITests" */;
			buildPhases = (
				4F88FA0020FD20D3009BC3B3 /* Sources */,
				4F88FA0120FD20D3009BC3B3 /* Frameworks */,
				4F88FA0220FD20D3009BC3B3 /* Resources */,
			);
			buildRules = (
			);
			dependencies = (
				4F88FA0620FD20D3009BC3B3 /* PBXTargetDependency */,
			);
			name = rockPaperScissorsUIUITests;
			productName = rockPaperScissorsUIUITests;
			productReference = 4F88FA0420FD20D3009BC3B3 /* rockPaperScissorsUIUITests.xctest */;
			productType = "com.apple.product-type.bundle.ui-testing";
		};
/* End PBXNativeTarget section */

/* Begin PBXProject section */
		4F88F9DD20FD20CE009BC3B3 /* Project object */ = {
			isa = PBXProject;
			attributes = {
				LastSwiftUpdateCheck = 0940;
				LastUpgradeCheck = 0940;
				ORGANIZATIONNAME = "Noah Rubin";
				TargetAttributes = {
					4F88F9E420FD20CE009BC3B3 = {
						CreatedOnToolsVersion = 9.4.1;
					};
					4F88F9F820FD20D3009BC3B3 = {
						CreatedOnToolsVersion = 9.4.1;
						TestTargetID = 4F88F9E420FD20CE009BC3B3;
					};
					4F88FA0320FD20D3009BC3B3 = {
						CreatedOnToolsVersion = 9.4.1;
						TestTargetID = 4F88F9E420FD20CE009BC3B3;
					};
				};
			};
			buildConfigurationList = 4F88F9E020FD20CE009BC3B3 /* Build configuration list for PBXProject "rockPaperScissorsUI" */;
			compatibilityVersion = "Xcode 9.3";
			developmentRegion = en;
			hasScannedForEncodings = 0;
			knownRegions = (
				en,
				Base,
			);
			mainGroup = 4F88F9DC20FD20CE009BC3B3;
			productRefGroup = 4F88F9E620FD20CE009BC3B3 /* Products */;
			projectDirPath = "";
			projectRoot = "";
			targets = (
				4F88F9E420FD20CE009BC3B3 /* rockPaperScissorsUI */,
				4F88F9F820FD20D3009BC3B3 /* rockPaperScissorsUITests */,
				4F88FA0320FD20D3009BC3B3 /* rockPaperScissorsUIUITests */,
			);
		};
/* End PBXProject section */

/* Begin PBXResourcesBuildPhase section */
		4F88F9E320FD20CE009BC3B3 /* Resources */ = {
			isa = PBXResourcesBuildPhase;
			buildActionMask = 2147483647;
			files = (
				4F88F9F320FD20D2009BC3B3 /* LaunchScreen.storyboard in Resources */,
				4F88F9F020FD20D2009BC3B3 /* Assets.xcassets in Resources */,
				4F88F9EE20FD20CE009BC3B3 /* Main.storyboard in Resources */,
			);
			runOnlyForDeploymentPostprocessing = 0;
		};
		4F88F9F720FD20D3009BC3B3 /* Resources */ = {
			isa = PBXResourcesBuildPhase;
			buildActionMask = 2147483647;
			files = (
			);
			runOnlyForDeploymentPostprocessing = 0;
		};
		4F88FA0220FD20D3009BC3B3 /* Resources */ = {
			isa = PBXResourcesBuildPhase;
			buildActionMask = 2147483647;
			files = (
			);
			runOnlyForDeploymentPostprocessing = 0;
		};
/* End PBXResourcesBuildPhase section */

/* Begin PBXSourcesBuildPhase section */
		4F88F9E120FD20CE009BC3B3 /* Sources */ = {
			isa = PBXSourcesBuildPhase;
			buildActionMask = 2147483647;
			files = (
				4F88F9EB20FD20CE009BC3B3 /* ViewController.swift in Sources */,
				4F88F9E920FD20CE009BC3B3 /* AppDelegate.swift in Sources */,
				4F88FA1720FD4AE4009BC3B3 /* StartViewController.swift in Sources */,
			);
			runOnlyForDeploymentPostprocessing = 0;
		};
		4F88F9F520FD20D3009BC3B3 /* Sources */ = {
			isa = PBXSourcesBuildPhase;
			buildActionMask = 2147483647;
			files = (
				4F88F9FE20FD20D3009BC3B3 /* rockPaperScissorsUITests.swift in Sources */,
			);
			runOnlyForDeploymentPostprocessing = 0;
		};
		4F88FA0020FD20D3009BC3B3 /* Sources */ = {
			isa = PBXSourcesBuildPhase;
			buildActionMask = 2147483647;
			files = (
				4F88FA0920FD20D3009BC3B3 /* rockPaperScissorsUIUITests.swift in Sources */,
			);
			runOnlyForDeploymentPostprocessing = 0;
		};
/* End PBXSourcesBuildPhase section */

/* Begin PBXTargetDependency section */
		4F88F9FB20FD20D3009BC3B3 /* PBXTargetDependency */ = {
			isa = PBXTargetDependency;
			target = 4F88F9E420FD20CE009BC3B3 /* rockPaperScissorsUI */;
			targetProxy = 4F88F9FA20FD20D3009BC3B3 /* PBXContainerItemProxy */;
		};
		4F88FA0620FD20D3009BC3B3 /* PBXTargetDependency */ = {
			isa = PBXTargetDependency;
			target = 4F88F9E420FD20CE009BC3B3 /* rockPaperScissorsUI */;
			targetProxy = 4F88FA0520FD20D3009BC3B3 /* PBXContainerItemProxy */;
		};
/* End PBXTargetDependency section */

/* Begin PBXVariantGroup section */
		4F88F9EC20FD20CE009BC3B3 /* Main.storyboard */ = {
			isa = PBXVariantGroup;
			children = (
				4F88F9ED20FD20CE009BC3B3 /* Base */,
			);
			name = Main.storyboard;
			sourceTree = "<group>";
		};
		4F88F9F120FD20D2009BC3B3 /* LaunchScreen.storyboard */ = {
			isa = PBXVariantGroup;
			children = (
				4F88F9F220FD20D2009BC3B3 /* Base */,
			);
			name = LaunchScreen.storyboard;
			sourceTree = "<group>";
		};
/* End PBXVariantGroup section */

/* Begin XCBuildConfiguration section */
		4F88FA0B20FD20D3009BC3B3 /* Debug */ = {
			isa = XCBuildConfiguration;
			buildSettings = {
				ALWAYS_SEARCH_USER_PATHS = NO;
				CLANG_ANALYZER_NONNULL = YES;
				CLANG_ANALYZER_NUMBER_OBJECT_CONVERSION = YES_AGGRESSIVE;
				CLANG_CXX_LANGUAGE_STANDARD = "gnu++14";
				CLANG_CXX_LIBRARY = "libc++";
				CLANG_ENABLE_MODULES = YES;
				CLANG_ENABLE_OBJC_ARC = YES;
				CLANG_ENABLE_OBJC_WEAK = YES;
				CLANG_WARN_BLOCK_CAPTURE_AUTORELEASING = YES;
				CLANG_WARN_BOOL_CONVERSION = YES;
				CLANG_WARN_COMMA = YES;
				CLANG_WARN_CONSTANT_CONVERSION = YES;
				CLANG_WARN_DEPRECATED_OBJC_IMPLEMENTATIONS = YES;
				CLANG_WARN_DIRECT_OBJC_ISA_USAGE = YES_ERROR;
				CLANG_WARN_DOCUMENTATION_COMMENTS = YES;
				CLANG_WARN_EMPTY_BODY = YES;
				CLANG_WARN_ENUM_CONVERSION = YES;
				CLANG_WARN_INFINITE_RECURSION = YES;
				CLANG_WARN_INT_CONVERSION = YES;
				CLANG_WARN_NON_LITERAL_NULL_CONVERSION = YES;
				CLANG_WARN_OBJC_IMPLICIT_RETAIN_SELF = YES;
				CLANG_WARN_OBJC_LITERAL_CONVERSION = YES;
				CLANG_WARN_OBJC_ROOT_CLASS = YES_ERROR;
				CLANG_WARN_RANGE_LOOP_ANALYSIS = YES;
				CLANG_WARN_STRICT_PROTOTYPES = YES;
				CLANG_WARN_SUSPICIOUS_MOVE = YES;
				CLANG_WARN_UNGUARDED_AVAILABILITY = YES_AGGRESSIVE;
				CLANG_WARN_UNREACHABLE_CODE = YES;
				CLANG_WARN__DUPLICATE_METHOD_MATCH = YES;
				CODE_SIGN_IDENTITY = "iPhone Developer";
				COPY_PHASE_STRIP = NO;
				DEBUG_INFORMATION_FORMAT = dwarf;
				ENABLE_STRICT_OBJC_MSGSEND = YES;
				ENABLE_TESTABILITY = YES;
				GCC_C_LANGUAGE_STANDARD = gnu11;
				GCC_DYNAMIC_NO_PIC = NO;
				GCC_NO_COMMON_BLOCKS = YES;
				GCC_OPTIMIZATION_LEVEL = 0;
				GCC_PREPROCESSOR_DEFINITIONS = (
					"DEBUG=1",
					"$(inherited)",
				);
				GCC_WARN_64_TO_32_BIT_CONVERSION = YES;
				GCC_WARN_ABOUT_RETURN_TYPE = YES_ERROR;
				GCC_WARN_UNDECLARED_SELECTOR = YES;
				GCC_WARN_UNINITIALIZED_AUTOS = YES_AGGRESSIVE;
				GCC_WARN_UNUSED_FUNCTION = YES;
				GCC_WARN_UNUSED_VARIABLE = YES;
				IPHONEOS_DEPLOYMENT_TARGET = 11.4;
				MTL_ENABLE_DEBUG_INFO = YES;
				ONLY_ACTIVE_ARCH = YES;
				SDKROOT = iphoneos;
				SWIFT_ACTIVE_COMPILATION_CONDITIONS = DEBUG;
				SWIFT_OPTIMIZATION_LEVEL = "-Onone";
			};
			name = Debug;
		};
		4F88FA0C20FD20D3009BC3B3 /* Release */ = {
			isa = XCBuildConfiguration;
			buildSettings = {
				ALWAYS_SEARCH_USER_PATHS = NO;
				CLANG_ANALYZER_NONNULL = YES;
				CLANG_ANALYZER_NUMBER_OBJECT_CONVERSION = YES_AGGRESSIVE;
				CLANG_CXX_LANGUAGE_STANDARD = "gnu++14";
				CLANG_CXX_LIBRARY = "libc++";
				CLANG_ENABLE_MODULES = YES;
				CLANG_ENABLE_OBJC_ARC = YES;
				CLANG_ENABLE_OBJC_WEAK = YES;
				CLANG_WARN_BLOCK_CAPTURE_AUTORELEASING = YES;
				CLANG_WARN_BOOL_CONVERSION = YES;
				CLANG_WARN_COMMA = YES;
				CLANG_WARN_CONSTANT_CONVERSION = YES;
				CLANG_WARN_DEPRECATED_OBJC_IMPLEMENTATIONS = YES;
				CLANG_WARN_DIRECT_OBJC_ISA_USAGE = YES_ERROR;
				CLANG_WARN_DOCUMENTATION_COMMENTS = YES;
				CLANG_WARN_EMPTY_BODY = YES;
				CLANG_WARN_ENUM_CONVERSION = YES;
				CLANG_WARN_INFINITE_RECURSION = YES;
				CLANG_WARN_INT_CONVERSION = YES;
				CLANG_WARN_NON_LITERAL_NULL_CONVERSION = YES;
				CLANG_WARN_OBJC_IMPLICIT_RETAIN_SELF = YES;
				CLANG_WARN_OBJC_LITERAL_CONVERSION = YES;
				CLANG_WARN_OBJC_ROOT_CLASS = YES_ERROR;
				CLANG_WARN_RANGE_LOOP_ANALYSIS = YES;
				CLANG_WARN_STRICT_PROTOTYPES = YES;
				CLANG_WARN_SUSPICIOUS_MOVE = YES;
				CLANG_WARN_UNGUARDED_AVAILABILITY = YES_AGGRESSIVE;
				CLANG_WARN_UNREACHABLE_CODE = YES;
				CLANG_WARN__DUPLICATE_METHOD_MATCH = YES;
				CODE_SIGN_IDENTITY = "iPhone Developer";
				COPY_PHASE_STRIP = NO;
				DEBUG_INFORMATION_FORMAT = "dwarf-with-dsym";
				ENABLE_NS_ASSERTIONS = NO;
				ENABLE_STRICT_OBJC_MSGSEND = YES;
				GCC_C_LANGUAGE_STANDARD = gnu11;
				GCC_NO_COMMON_BLOCKS = YES;
				GCC_WARN_64_TO_32_BIT_CONVERSION = YES;
				GCC_WARN_ABOUT_RETURN_TYPE = YES_ERROR;
				GCC_WARN_UNDECLARED_SELECTOR = YES;
				GCC_WARN_UNINITIALIZED_AUTOS = YES_AGGRESSIVE;
				GCC_WARN_UNUSED_FUNCTION = YES;
				GCC_WARN_UNUSED_VARIABLE = YES;
				IPHONEOS_DEPLOYMENT_TARGET = 11.4;
				MTL_ENABLE_DEBUG_INFO = NO;
				SDKROOT = iphoneos;
				SWIFT_COMPILATION_MODE = wholemodule;
				SWIFT_OPTIMIZATION_LEVEL = "-O";
				VALIDATE_PRODUCT = YES;
			};
			name = Release;
		};
		4F88FA0E20FD20D3009BC3B3 /* Debug */ = {
			isa = XCBuildConfiguration;
			buildSettings = {
				ASSETCATALOG_COMPILER_APPICON_NAME = AppIcon;
				CODE_SIGN_IDENTITY = "iPhone Developer";
				CODE_SIGN_STYLE = Automatic;
				DEVELOPMENT_TEAM = 4HNR6Y8RAD;
				INFOPLIST_FILE = rockPaperScissorsUI/Info.plist;
				LD_RUNPATH_SEARCH_PATHS = (
					"$(inherited)",
					"@executable_path/Frameworks",
				);
				PRODUCT_BUNDLE_IDENTIFIER = "Noah-Rubin.rockPaperScissorsUI";
				PRODUCT_NAME = "$(TARGET_NAME)";
				PROVISIONING_PROFILE_SPECIFIER = "";
				SWIFT_VERSION = 4.0;
				TARGETED_DEVICE_FAMILY = "1,2";
			};
			name = Debug;
		};
		4F88FA0F20FD20D3009BC3B3 /* Release */ = {
			isa = XCBuildConfiguration;
			buildSettings = {
				ASSETCATALOG_COMPILER_APPICON_NAME = AppIcon;
				CODE_SIGN_IDENTITY = "iPhone Developer";
				CODE_SIGN_STYLE = Automatic;
				DEVELOPMENT_TEAM = 4HNR6Y8RAD;
				INFOPLIST_FILE = rockPaperScissorsUI/Info.plist;
				LD_RUNPATH_SEARCH_PATHS = (
					"$(inherited)",
					"@executable_path/Frameworks",
				);
				PRODUCT_BUNDLE_IDENTIFIER = "Noah-Rubin.rockPaperScissorsUI";
				PRODUCT_NAME = "$(TARGET_NAME)";
				PROVISIONING_PROFILE_SPECIFIER = "";
				SWIFT_VERSION = 4.0;
				TARGETED_DEVICE_FAMILY = "1,2";
			};
			name = Release;
		};
		4F88FA1120FD20D3009BC3B3 /* Debug */ = {
			isa = XCBuildConfiguration;
			buildSettings = {
				ALWAYS_EMBED_SWIFT_STANDARD_LIBRARIES = YES;
				BUNDLE_LOADER = "$(TEST_HOST)";
				CODE_SIGN_STYLE = Automatic;
				DEVELOPMENT_TEAM = P4ZD4APHU4;
				INFOPLIST_FILE = rockPaperScissorsUITests/Info.plist;
				LD_RUNPATH_SEARCH_PATHS = (
					"$(inherited)",
					"@executable_path/Frameworks",
					"@loader_path/Frameworks",
				);
				PRODUCT_BUNDLE_IDENTIFIER = "Noah-Rubin.rockPaperScissorsUITests";
				PRODUCT_NAME = "$(TARGET_NAME)";
				SWIFT_VERSION = 4.0;
				TARGETED_DEVICE_FAMILY = "1,2";
				TEST_HOST = "$(BUILT_PRODUCTS_DIR)/rockPaperScissorsUI.app/rockPaperScissorsUI";
			};
			name = Debug;
		};
		4F88FA1220FD20D3009BC3B3 /* Release */ = {
			isa = XCBuildConfiguration;
			buildSettings = {
				ALWAYS_EMBED_SWIFT_STANDARD_LIBRARIES = YES;
				BUNDLE_LOADER = "$(TEST_HOST)";
				CODE_SIGN_STYLE = Automatic;
				DEVELOPMENT_TEAM = P4ZD4APHU4;
				INFOPLIST_FILE = rockPaperScissorsUITests/Info.plist;
				LD_RUNPATH_SEARCH_PATHS = (
					"$(inherited)",
					"@executable_path/Frameworks",
					"@loader_path/Frameworks",
				);
				PRODUCT_BUNDLE_IDENTIFIER = "Noah-Rubin.rockPaperScissorsUITests";
				PRODUCT_NAME = "$(TARGET_NAME)";
				SWIFT_VERSION = 4.0;
				TARGETED_DEVICE_FAMILY = "1,2";
				TEST_HOST = "$(BUILT_PRODUCTS_DIR)/rockPaperScissorsUI.app/rockPaperScissorsUI";
			};
			name = Release;
		};
		4F88FA1420FD20D3009BC3B3 /* Debug */ = {
			isa = XCBuildConfiguration;
			buildSettings = {
				ALWAYS_EMBED_SWIFT_STANDARD_LIBRARIES = YES;
				CODE_SIGN_STYLE = Automatic;
				DEVELOPMENT_TEAM = P4ZD4APHU4;
				INFOPLIST_FILE = rockPaperScissorsUIUITests/Info.plist;
				LD_RUNPATH_SEARCH_PATHS = (
					"$(inherited)",
					"@executable_path/Frameworks",
					"@loader_path/Frameworks",
				);
				PRODUCT_BUNDLE_IDENTIFIER = "Noah-Rubin.rockPaperScissorsUIUITests";
				PRODUCT_NAME = "$(TARGET_NAME)";
				SWIFT_VERSION = 4.0;
				TARGETED_DEVICE_FAMILY = "1,2";
				TEST_TARGET_NAME = rockPaperScissorsUI;
			};
			name = Debug;
		};
		4F88FA1520FD20D3009BC3B3 /* Release */ = {
			isa = XCBuildConfiguration;
			buildSettings = {
				ALWAYS_EMBED_SWIFT_STANDARD_LIBRARIES = YES;
				CODE_SIGN_STYLE = Automatic;
				DEVELOPMENT_TEAM = P4ZD4APHU4;
				INFOPLIST_FILE = rockPaperScissorsUIUITests/Info.plist;
				LD_RUNPATH_SEARCH_PATHS = (
					"$(inherited)",
					"@executable_path/Frameworks",
					"@loader_path/Frameworks",
				);
				PRODUCT_BUNDLE_IDENTIFIER = "Noah-Rubin.rockPaperScissorsUIUITests";
				PRODUCT_NAME = "$(TARGET_NAME)";
				SWIFT_VERSION = 4.0;
				TARGETED_DEVICE_FAMILY = "1,2";
				TEST_TARGET_NAME = rockPaperScissorsUI;
			};
			name = Release;
		};
/* End XCBuildConfiguration section */

/* Begin XCConfigurationList section */
		4F88F9E020FD20CE009BC3B3 /* Build configuration list for PBXProject "rockPaperScissorsUI" */ = {
			isa = XCConfigurationList;
			buildConfigurations = (
				4F88FA0B20FD20D3009BC3B3 /* Debug */,
				4F88FA0C20FD20D3009BC3B3 /* Release */,
			);
			defaultConfigurationIsVisible = 0;
			defaultConfigurationName = Release;
		};
		4F88FA0D20FD20D3009BC3B3 /* Build configuration list for PBXNativeTarget "rockPaperScissorsUI" */ = {
			isa = XCConfigurationList;
			buildConfigurations = (
				4F88FA0E20FD20D3009BC3B3 /* Debug */,
				4F88FA0F20FD20D3009BC3B3 /* Release */,
			);
			defaultConfigurationIsVisible = 0;
			defaultConfigurationName = Release;
		};
		4F88FA1020FD20D3009BC3B3 /* Build configuration list for PBXNativeTarget "rockPaperScissorsUITests" */ = {
			isa = XCConfigurationList;
			buildConfigurations = (
				4F88FA1120FD20D3009BC3B3 /* Debug */,
				4F88FA1220FD20D3009BC3B3 /* Release */,
			);
			defaultConfigurationIsVisible = 0;
			defaultConfigurationName = Release;
		};
		4F88FA1320FD20D3009BC3B3 /* Build configuration list for PBXNativeTarget "rockPaperScissorsUIUITests" */ = {
			isa = XCConfigurationList;
			buildConfigurations = (
				4F88FA1420FD20D3009BC3B3 /* Debug */,
				4F88FA1520FD20D3009BC3B3 /* Release */,
			);
			defaultConfigurationIsVisible = 0;
			defaultConfigurationName = Release;
		};
/* End XCConfigurationList section */
	};
	rootObject = 4F88F9DD20FD20CE009BC3B3 /* Project object */;
}
